
Microsoft Visual Studio Solution File, Format Version 12.00
# Visual Studio Version 17
VisualStudioVersion = 17.3.32901.215
MinimumVisualStudioVersion = 10.0.40219.1
Project("{9A19103F-16F7-4668-BE54-9A1E7A4F7556}") = "TrackByMyDuck", "TrackByMyDuck\TrackByMyDuck.csproj", "{2A78F89C-E97F-4FE2-90A3-44026692A2CC}"
EndProject
Project("{9A19103F-16F7-4668-BE54-9A1E7A4F7556}") = "TrackByMyDuck.Domain", "TrackByMyDuck.Domain\TrackByMyDuck.Domain.csproj", "{5BEFCB21-11CE-4BCC-8EE1-135CBF639514}"
EndProject
Global
	GlobalSection(SolutionConfigurationPlatforms) = preSolution
		Debug|Any CPU = Debug|Any CPU
		Release|Any CPU = Release|Any CPU
	EndGlobalSection
	GlobalSection(ProjectConfigurationPlatforms) = postSolution
		{2A78F89C-E97F-4FE2-90A3-44026692A2CC}.Debug|Any CPU.ActiveCfg = Debug|Any CPU
		{2A78F89C-E97F-4FE2-90A3-44026692A2CC}.Debug|Any CPU.Build.0 = Debug|Any CPU
		{2A78F89C-E97F-4FE2-90A3-44026692A2CC}.Release|Any CPU.ActiveCfg = Release|Any CPU
		{2A78F89C-E97F-4FE2-90A3-44026692A2CC}.Release|Any CPU.Build.0 = Release|Any CPU
		{5BEFCB21-11CE-4BCC-8EE1-135CBF639514}.Debug|Any CPU.ActiveCfg = Debug|Any CPU
		{5BEFCB21-11CE-4BCC-8EE1-135CBF639514}.Debug|Any CPU.Build.0 = Debug|Any CPU
		{5BEFCB21-11CE-4BCC-8EE1-135CBF639514}.Release|Any CPU.ActiveCfg = Release|Any CPU
		{5BEFCB21-11CE-4BCC-8EE1-135CBF639514}.Release|Any CPU.Build.0 = Release|Any CPU
	EndGlobalSection
	GlobalSection(SolutionProperties) = preSolution
		HideSolutionNode = FALSE
	EndGlobalSection
	GlobalSection(ExtensibilityGlobals) = postSolution
		SolutionGuid = {D80208FE-5C63-4B36-BAB6-40069F23B03C}
	EndGlobalSection
EndGlobal
